
Microsoft Visual Studio Solution File, Format Version 12.00
# Visual Studio Version 17
VisualStudioVersion = 17.4.33103.184
MinimumVisualStudioVersion = 10.0.40219.1
Project("{FAE04EC0-301F-11D3-BF4B-00C04F79EFBC}") = "rebobus", "rebobus\rebobus.csproj", "{289ABE5A-74E4-43B9-9792-8AA4BF09764E}"
EndProject
Global
	GlobalSection(SolutionConfigurationPlatforms) = preSolution
		Debug|Any CPU = Debug|Any CPU
		Release|Any CPU = Release|Any CPU
	EndGlobalSection
	GlobalSection(ProjectConfigurationPlatforms) = postSolution
		{289ABE5A-74E4-43B9-9792-8AA4BF09764E}.Debug|Any CPU.ActiveCfg = Debug|Any CPU
		{289ABE5A-74E4-43B9-9792-8AA4BF09764E}.Debug|Any CPU.Build.0 = Debug|Any CPU
		{289ABE5A-74E4-43B9-9792-8AA4BF09764E}.Release|Any CPU.ActiveCfg = Release|Any CPU
		{289ABE5A-74E4-43B9-9792-8AA4BF09764E}.Release|Any CPU.Build.0 = Release|Any CPU
	EndGlobalSection
	GlobalSection(SolutionProperties) = preSolution
		HideSolutionNode = FALSE
	EndGlobalSection
	GlobalSection(ExtensibilityGlobals) = postSolution
		SolutionGuid = {DD89BD6D-9C8C-42AD-A853-EADD0A6DF7AC}
	EndGlobalSection
EndGlobal
